
Microsoft Visual Studio Solution File, Format Version 12.00
# Visual Studio Version 17
VisualStudioVersion = 17.7.34031.279
MinimumVisualStudioVersion = 10.0.40219.1
Project("{FAE04EC0-301F-11D3-BF4B-00C04F79EFBC}") = "ApplicationLayer", "ApplicationLayer.csproj", "{A8B6BCD0-F0FB-4A9B-933D-3360328A0943}"
EndProject
Project("{FAE04EC0-301F-11D3-BF4B-00C04F79EFBC}") = "BusinessLL", "..\BusinessLL\BusinessLL.csproj", "{310EB772-C3E0-4BBC-AE1C-952429C90C8C}"
EndProject
Project("{FAE04EC0-301F-11D3-BF4B-00C04F79EFBC}") = "DataLL", "..\DataLL\DataLL.csproj", "{A42E423E-BE04-46B2-9460-CA34D1FBA564}"
EndProject
Global
	GlobalSection(SolutionConfigurationPlatforms) = preSolution
		Debug|Any CPU = Debug|Any CPU
		Release|Any CPU = Release|Any CPU
	EndGlobalSection
	GlobalSection(ProjectConfigurationPlatforms) = postSolution
		{A8B6BCD0-F0FB-4A9B-933D-3360328A0943}.Debug|Any CPU.ActiveCfg = Debug|Any CPU
		{A8B6BCD0-F0FB-4A9B-933D-3360328A0943}.Debug|Any CPU.Build.0 = Debug|Any CPU
		{A8B6BCD0-F0FB-4A9B-933D-3360328A0943}.Release|Any CPU.ActiveCfg = Release|Any CPU
		{A8B6BCD0-F0FB-4A9B-933D-3360328A0943}.Release|Any CPU.Build.0 = Release|Any CPU
		{310EB772-C3E0-4BBC-AE1C-952429C90C8C}.Debug|Any CPU.ActiveCfg = Debug|Any CPU
		{310EB772-C3E0-4BBC-AE1C-952429C90C8C}.Debug|Any CPU.Build.0 = Debug|Any CPU
		{310EB772-C3E0-4BBC-AE1C-952429C90C8C}.Release|Any CPU.ActiveCfg = Release|Any CPU
		{310EB772-C3E0-4BBC-AE1C-952429C90C8C}.Release|Any CPU.Build.0 = Release|Any CPU
		{A42E423E-BE04-46B2-9460-CA34D1FBA564}.Debug|Any CPU.ActiveCfg = Debug|Any CPU
		{A42E423E-BE04-46B2-9460-CA34D1FBA564}.Debug|Any CPU.Build.0 = Debug|Any CPU
		{A42E423E-BE04-46B2-9460-CA34D1FBA564}.Release|Any CPU.ActiveCfg = Release|Any CPU
		{A42E423E-BE04-46B2-9460-CA34D1FBA564}.Release|Any CPU.Build.0 = Release|Any CPU
	EndGlobalSection
	GlobalSection(SolutionProperties) = preSolution
		HideSolutionNode = FALSE
	EndGlobalSection
	GlobalSection(ExtensibilityGlobals) = postSolution
		SolutionGuid = {76A151E1-E390-46A2-B768-95C9DED54963}
	EndGlobalSection
EndGlobal
