
Microsoft Visual Studio Solution File, Format Version 12.00
# Visual Studio Version 17
VisualStudioVersion = 17.7.34031.279
MinimumVisualStudioVersion = 10.0.40219.1
Project("{FAE04EC0-301F-11D3-BF4B-00C04F79EFBC}") = "EntityFCodeFirst1", "EntityFCodeFirst1.csproj", "{280DD7C5-5394-4343-AAB6-401678F9F906}"
EndProject
Global
	GlobalSection(SolutionConfigurationPlatforms) = preSolution
		Debug|Any CPU = Debug|Any CPU
		Release|Any CPU = Release|Any CPU
	EndGlobalSection
	GlobalSection(ProjectConfigurationPlatforms) = postSolution
		{280DD7C5-5394-4343-AAB6-401678F9F906}.Debug|Any CPU.ActiveCfg = Debug|Any CPU
		{280DD7C5-5394-4343-AAB6-401678F9F906}.Debug|Any CPU.Build.0 = Debug|Any CPU
		{280DD7C5-5394-4343-AAB6-401678F9F906}.Release|Any CPU.ActiveCfg = Release|Any CPU
		{280DD7C5-5394-4343-AAB6-401678F9F906}.Release|Any CPU.Build.0 = Release|Any CPU
	EndGlobalSection
	GlobalSection(SolutionProperties) = preSolution
		HideSolutionNode = FALSE
	EndGlobalSection
	GlobalSection(ExtensibilityGlobals) = postSolution
		SolutionGuid = {086E8E73-AA26-4D22-801C-58F390700473}
	EndGlobalSection
EndGlobal
